Microsoft Visual Studio Solution File, Format Version 12.00
# Visual Studio 2012
Project("{FAE04EC0-301F-11D3-BF4B-00C04F79EFBC}") = "zelcrawler", "zelcrawler.csproj", "{A92A568F-46A9-4150-9878-3E42C4A8BB53}"
EndProject
Global
	GlobalSection(SolutionConfigurationPlatforms) = preSolution
	Debug|Any CPU = Debug|Any CPU
	ExportDebug|Any CPU = ExportDebug|Any CPU
	ExportRelease|Any CPU = ExportRelease|Any CPU
	EndGlobalSection
	GlobalSection(ProjectConfigurationPlatforms) = postSolution
		{A92A568F-46A9-4150-9878-3E42C4A8BB53}.Debug|Any CPU.ActiveCfg = Debug|Any CPU
		{A92A568F-46A9-4150-9878-3E42C4A8BB53}.Debug|Any CPU.Build.0 = Debug|Any CPU
		{A92A568F-46A9-4150-9878-3E42C4A8BB53}.ExportDebug|Any CPU.ActiveCfg = ExportDebug|Any CPU
		{A92A568F-46A9-4150-9878-3E42C4A8BB53}.ExportDebug|Any CPU.Build.0 = ExportDebug|Any CPU
		{A92A568F-46A9-4150-9878-3E42C4A8BB53}.ExportRelease|Any CPU.ActiveCfg = ExportRelease|Any CPU
		{A92A568F-46A9-4150-9878-3E42C4A8BB53}.ExportRelease|Any CPU.Build.0 = ExportRelease|Any CPU
	EndGlobalSection
EndGlobal
